
Microsoft Visual Studio Solution File, Format Version 12.00
# Visual Studio 15
VisualStudioVersion = 15.0.28010.2026
MinimumVisualStudioVersion = 10.0.40219.1
Project("{FAE04EC0-301F-11D3-BF4B-00C04F79EFBC}") = "EmployeeServices", "EmployeeServices\EmployeeServices.csproj", "{32B2451C-1549-4F61-9D88-ECB7AFF24252}"
EndProject
Project("{FAE04EC0-301F-11D3-BF4B-00C04F79EFBC}") = "EmployeeDataAccess", "..\EmployeeDataAccess\EmployeeDataAccess.csproj", "{755547DA-9624-4B40-9044-746E368F9EF5}"
EndProject
Global
	GlobalSection(SolutionConfigurationPlatforms) = preSolution
		Debug|Any CPU = Debug|Any CPU
		Release|Any CPU = Release|Any CPU
	EndGlobalSection
	GlobalSection(ProjectConfigurationPlatforms) = postSolution
		{32B2451C-1549-4F61-9D88-ECB7AFF24252}.Debug|Any CPU.ActiveCfg = Debug|Any CPU
		{32B2451C-1549-4F61-9D88-ECB7AFF24252}.Debug|Any CPU.Build.0 = Debug|Any CPU
		{32B2451C-1549-4F61-9D88-ECB7AFF24252}.Release|Any CPU.ActiveCfg = Release|Any CPU
		{32B2451C-1549-4F61-9D88-ECB7AFF24252}.Release|Any CPU.Build.0 = Release|Any CPU
		{755547DA-9624-4B40-9044-746E368F9EF5}.Debug|Any CPU.ActiveCfg = Debug|Any CPU
		{755547DA-9624-4B40-9044-746E368F9EF5}.Debug|Any CPU.Build.0 = Debug|Any CPU
		{755547DA-9624-4B40-9044-746E368F9EF5}.Release|Any CPU.ActiveCfg = Release|Any CPU
		{755547DA-9624-4B40-9044-746E368F9EF5}.Release|Any CPU.Build.0 = Release|Any CPU
	EndGlobalSection
	GlobalSection(SolutionProperties) = preSolution
		HideSolutionNode = FALSE
	EndGlobalSection
	GlobalSection(ExtensibilityGlobals) = postSolution
		SolutionGuid = {5C422094-65B2-410C-B184-A12EDF5CE855}
	EndGlobalSection
EndGlobal
